
Microsoft Visual Studio Solution File, Format Version 12.00
# Visual Studio Version 17
VisualStudioVersion = 17.11.35312.102
MinimumVisualStudioVersion = 10.0.40219.1
Project("{FAE04EC0-301F-11D3-BF4B-00C04F79EFBC}") = "Mindbox.GeometryLib", "Mindbox.GeometryLib\Mindbox.GeometryLib.csproj", "{9EC915A1-A54D-40A5-A4F4-E32768EEDDC9}"
EndProject
Global
	GlobalSection(SolutionConfigurationPlatforms) = preSolution
		Debug|Any CPU = Debug|Any CPU
		Release|Any CPU = Release|Any CPU
	EndGlobalSection
	GlobalSection(ProjectConfigurationPlatforms) = postSolution
		{9EC915A1-A54D-40A5-A4F4-E32768EEDDC9}.Debug|Any CPU.ActiveCfg = Debug|Any CPU
		{9EC915A1-A54D-40A5-A4F4-E32768EEDDC9}.Debug|Any CPU.Build.0 = Debug|Any CPU
		{9EC915A1-A54D-40A5-A4F4-E32768EEDDC9}.Release|Any CPU.ActiveCfg = Release|Any CPU
		{9EC915A1-A54D-40A5-A4F4-E32768EEDDC9}.Release|Any CPU.Build.0 = Release|Any CPU
	EndGlobalSection
	GlobalSection(SolutionProperties) = preSolution
		HideSolutionNode = FALSE
	EndGlobalSection
	GlobalSection(ExtensibilityGlobals) = postSolution
		SolutionGuid = {5600584A-C649-4161-ADFB-22404F538C4C}
	EndGlobalSection
EndGlobal
